
Microsoft Visual Studio Solution File, Format Version 12.00
# Visual Studio Version 16
VisualStudioVersion = 16.0.30804.86
MinimumVisualStudioVersion = 10.0.40219.1
Project("{FAE04EC0-301F-11D3-BF4B-00C04F79EFBC}") = "CalulateMoney", "CalulateMoney\CalulateMoney.csproj", "{EFDBE475-0DB8-48D5-B4FD-F4598A7641D4}"
EndProject
Global
	GlobalSection(SolutionConfigurationPlatforms) = preSolution
		Debug|Any CPU = Debug|Any CPU
		Release|Any CPU = Release|Any CPU
	EndGlobalSection
	GlobalSection(ProjectConfigurationPlatforms) = postSolution
		{EFDBE475-0DB8-48D5-B4FD-F4598A7641D4}.Debug|Any CPU.ActiveCfg = Debug|Any CPU
		{EFDBE475-0DB8-48D5-B4FD-F4598A7641D4}.Debug|Any CPU.Build.0 = Debug|Any CPU
		{EFDBE475-0DB8-48D5-B4FD-F4598A7641D4}.Release|Any CPU.ActiveCfg = Release|Any CPU
		{EFDBE475-0DB8-48D5-B4FD-F4598A7641D4}.Release|Any CPU.Build.0 = Release|Any CPU
	EndGlobalSection
	GlobalSection(SolutionProperties) = preSolution
		HideSolutionNode = FALSE
	EndGlobalSection
	GlobalSection(ExtensibilityGlobals) = postSolution
		SolutionGuid = {F4CB37B1-9B3D-4660-B131-003DB46E78C1}
	EndGlobalSection
EndGlobal
